github.com/akavel/rsrc v0.10.2 h1:Zxm8V5eI1hW4gGaYsJQUhxpjkENuG91ki8B4zCrvEsw=
github.com/akavel/rsrc v0.10.2/go.mod h1:uLoCtb9J+EyAqh+26kdrTgmzRBFPGOolLWKpdxkKq+c=
github.com/asticode/go-astikit v0.56.0 h1:DmD2p7YnvxiPdF0h+dRmos3bsejNEXbycENsY5JfBqw=
github.com/asticode/go-astikit v0.56.0/go.mod h1:fV43j20UZYfXzP9oBn33udkvCvDvCDhzjVqoLFuuYZE=
github.com/avast/retry-go/v4 v4.7.0 h1:yjDs35SlGvKwRNSykujfjdMxMhMQQM0TnIjJaHB+Zio=
github.com/avast/retry-go/v4 v4.7.0/go.mod h1:ZMPDa3sY2bKgpLtap9JRUgk2yTAba7cgiFhqxY2Sg6Q=
github.com/chengxilo/virtualterm v1.0.4 h1:Z6IpERbRVlfB8WkOmtbHiDbBANU7cimRIof7mk9/PwM=
github.com/chengxilo/virtualterm v1.0.4/go.mod h1:DyxxBZz/x1iqJjFxTFcr6/x+jSpqN0iwWCOK1q10rlY=
github.com/clipperhouse/stringish v0.1.1 h1:+NSqMOr3GR6k1FdRhhnXrLfztGzuG+VuFDfatpWHKCs=
github.com/clipperhouse/stringish v0.1.1/go.mod h1:v/WhFtE1q0ovMta2+m+UbpZ+2/HEXNWYXQgCt4hdOzA=
github.com/clipperhouse/uax29/v2 v2.3.0 h1:SNdx9DVUqMoBuBoW3iLOj4FQv3dN5mDtuqwuhIGpJy4=
github.com/clipperhouse/uax29/v2 v2.3.0/go.mod h1:Wn1g7MK6OoeDT0vL+Q0SQLDz/KpfsVRgg6W7ihQeh4g=
github.com/davecgh/go-spew v1.1.1 h1:vj9j/u1bqnvCEfJOwUhtlOARqs3+rkHYY13jYWTU97c=
github.com/davecgh/go-spew v1.1.1/go.mod h1:J7Y8YcW2NihsgmVo/mv3lAwl/skON4iLHjSsI+c5H38=
github.com/firebat20/go-astilectron v0.0.0-20251012034004-e5ff866697eb h1:2IuKCcC0rcY2GnkoPyJwhzZmcJ1LfZAyk0rsbDlBics=
github.com/firebat20/go-astilectron v0.0.0-20251012034004-e5ff866697eb/go.mod h1:LxxyXKBhn92wAwWay3SDM3IpcqwyXFxABK9jxlB9xpE=
github.com/firebat20/go-astilectron-bootstrap v0.0.0-20251101140325-564b109b03f6 h1:rLHNB0liP3A+yP0twD7XgF2tAg+kYc6q7CNf48g2DDU=
github.com/firebat20/go-astilectron-bootstrap v0.0.0-20251101140325-564b109b03f6/go.mod h1:KxUzPQQ2kcyeIUeAw0XsyZxNy73LUMO/ufTO3xODM38=
github.com/firebat20/go-astilectron-bundler v0.0.0-20251101120422-433c2b83dca2 h1:t4pQuHZ7+WNZrkZBHuhvT0n3HlXuUCK2tJSnep8Fu3o=
github.com/firebat20/go-astilectron-bundler v0.0.0-20251101120422-433c2b83dca2/go.mod h1:3PBKfLKv+iAmUK4/IsIsj7JnbOTdJ0Ag8PJ2dRkCQFM=
github.com/firebat20/go-bindata v0.0.0-20251027022929-ab1e0d038ddb h1:D5Oh+58oWm2syDZe5vndGsKi/7/n3lUKk4TxPWFPysw=
github.com/firebat20/go-bindata v0.0.0-20251027022929-ab1e0d038ddb/go.mod h1:SJWQ2+3Cv/iltVFXqcDdSTTTQIzU+1aNIZpSf/bmb3Q=
github.com/jedib0t/go-pretty/v6 v6.6.9 h1:PQecJLK3L8ODuVyMe2223b61oRJjrKnmXAncbWTv9MY=
github.com/jedib0t/go-pretty/v6 v6.6.9/go.mod h1:YwC5CE4fJ1HFUDeivSV1r//AmANFHyqczZk+U6BDALU=
github.com/magiconair/properties v1.8.10 h1:s31yESBquKXCV9a/ScB3ESkOjUYYv+X0rg8SYxI99mE=
github.com/magiconair/properties v1.8.10/go.mod h1:Dhd985XPs7jluiymwWYZ0G4Z61jb3vdS329zhj2hYo0=
github.com/mattn/go-runewidth v0.0.19 h1:v++JhqYnZuu5jSKrk9RbgF5v4CGUjqRfBm05byFGLdw=
github.com/mattn/go-runewidth v0.0.19/go.mod h1:XBkDxAl56ILZc9knddidhrOlY5R/pDhgLpndooCuJAs=
github.com/mcuadros/go-version v0.0.0-20190830083331-035f6764e8d2 h1:YocNLcTBdEdvY3iDK6jfWXvEaM5OCKkjxPKoJRdB3Gg=
github.com/mcuadros/go-version v0.0.0-20190830083331-035f6764e8d2/go.mod h1:76rfSfYPWj01Z85hUf/ituArm797mNKcvINh1OlsZKo=
github.com/mitchellh/colorstring v0.0.0-20190213212951-d06e56a500db h1:62I3jR2EmQ4l5rM/4FEfDWcRD+abF5XlKShorW5LRoQ=
github.com/mitchellh/colorstring v0.0.0-20190213212951-d06e56a500db/go.mod h1:l0dey0ia/Uv7NcFFVbCLtqEBQbrT4OCwCSKTEv6enCw=
github.com/pmezard/go-difflib v1.0.0 h1:4DBwDE0NGyQoBHbLQYPwSUPoCMWR5BEzIk/f1lZbAQM=
github.com/pmezard/go-difflib v1.0.0/go.mod h1:iKH77koFhYxTK1pcRnkKkqfTogsbg7gZNVY4sRDYZ/4=
github.com/rivo/uniseg v0.4.7 h1:WUdvkW8uEhrYfLC4ZzdpI2ztxP1I582+49Oc5Mq64VQ=
github.com/rivo/uniseg v0.4.7/go.mod h1:FN3SvrM+Zdj16jyLfmOkMNblXMcoc8DfTHruCPUcx88=
github.com/sam-kamerer/go-plister v1.2.0 h1:ZdEF1bhPUoGzwz5eFljw2K/A+oRXq/81jul/A3CHKEY=
github.com/sam-kamerer/go-plister v1.2.0/go.mod h1:gTt1Ko2oTA5bfDYsNcLjRGyyx6LPxHIeo0ZTtTRZG2I=
github.com/schollz/progressbar/v3 v3.18.0 h1:uXdoHABRFmNIjUfte/Ex7WtuyVslrw2wVPQmCN62HpA=
github.com/schollz/progressbar/v3 v3.18.0/go.mod h1:IsO3lpbaGuzh8zIMzgY3+J8l4C8GjO0Y9S69eFvNsec=
github.com/stretchr/testify v1.11.1 h1:7s2iGBzp5EwR7/aIZr8ao5+dra3wiQyKjjFuvgVKu7U=
github.com/stretchr/testify v1.11.1/go.mod h1:wZwfW3scLgRK+23gO65QZefKpKQRnfz6sD981Nm4B6U=
go.etcd.io/bbolt v1.4.3 h1:dEadXpI6G79deX5prL3QRNP6JB8UxVkqo4UPnHaNXJo=
go.etcd.io/bbolt v1.4.3/go.mod h1:tKQlpPaYCVFctUIgFKFnAlvbmB3tpy1vkTnDWohtc0E=
go.uber.org/goleak v1.3.0 h1:2K3zAYmnTNqV73imy9J1T3WC+gmCePx2hEGkimedGto=
go.uber.org/goleak v1.3.0/go.mod h1:CoHD4mav9JJNrW/WLlf7HGZPjdw8EucARQHekz1X6bE=
go.uber.org/multierr v1.11.0 h1:blXXJkSxSSfBVBlC76pxqeO+LN3aDfLQo+309xJstO0=
go.uber.org/multierr v1.11.0/go.mod h1:20+QtiLqy0Nd6FdQB9TLXag12DsQkrbs3htMFfDN80Y=
go.uber.org/zap v1.27.0 h1:aJMhYGrd5QSmlpLMr2MftRKl7t8J8PTZPA732ud/XR8=
go.uber.org/zap v1.27.0/go.mod h1:GB2qFLM7cTU87MWRP2mPIjqfIDnGu+VIO4V/SdhGo2E=
golang.org/x/sync v0.17.0 h1:l60nONMj9l5drqw6jlhIELNv9I0A4OFgRsG9k2oT9Ug=
golang.org/x/sync v0.17.0/go.mod h1:9KTHXmSnoGruLpwFjVSX0lNNA75CykiMECbovNTZqGI=
golang.org/x/sys v0.37.0 h1:fdNQudmxPjkdUTPnLn5mdQv7Zwvbvpaxqs831goi9kQ=
golang.org/x/sys v0.37.0/go.mod h1:OgkHotnGiDImocRcuBABYBEXf8A9a87e/uXjp9XT3ks=
golang.org/x/term v0.36.0 h1:zMPR+aF8gfksFprF/Nc/rd1wRS1EI6nDBGyWAvDzx2Q=
golang.org/x/term v0.36.0/go.mod h1:Qu394IJq6V6dCBRgwqshf3mPF85AqzYEzofzRdZkWss=
golang.org/x/text v0.30.0 h1:yznKA/E9zq54KzlzBEAWn1NXSQ8DIp/NYMy88xJjl4k=
golang.org/x/text v0.30.0/go.mod h1:yDdHFIX9t+tORqspjENWgzaCVXgk0yYnYuSZ8UzzBVM=
gopkg.in/yaml.v3 v3.0.1 h1:fxVm/GzAzEWqLHuvctI91KS9hhNmmWOoWu0XTYJS7CA=
gopkg.in/yaml.v3 v3.0.1/go.mod h1:K4uyk7z7BCEPqu6E+C64Yfv1cQ7kz7rIZviUmN+EgEM=
robpike.io/nihongo v0.0.0-20230705220025-ab7f6184a918 h1:5a2reXUbTO/+h+sdxIPpJkNieR1TH6hYhtPD6nLZNYM=
robpike.io/nihongo v0.0.0-20230705220025-ab7f6184a918/go.mod h1:43kowN+1Rj2cR4+62PIiOFD5L9AoTNCpNNjQibm7Dq0=
